// !$*UTF8*$!
{
	archiveVersion = 1;
	classes = {
	};
	objectVersion = 46;
	objects = {

/* Begin PBXBuildFile section */
		5A004FA81CF2DBDC007E634E /* main.m in Sources */ = {isa = PBXBuildFile; fileRef = 5A004FA71CF2DBDC007E634E /* main.m */; };
		5A004FAB1CF2DBDC007E634E /* AppDelegate.m in Sources */ = {isa = PBXBuildFile; fileRef = 5A004FAA1CF2DBDC007E634E /* AppDelegate.m */; };
		5A004FB11CF2DBDC007E634E /* Login.storyboard in Resources */ = {isa = PBXBuildFile; fileRef = 5A004FAF1CF2DBDC007E634E /* Login.storyboard */; };
		5A004FB31CF2DBDC007E634E /* Assets.xcassets in Resources */ = {isa = PBXBuildFile; fileRef = 5A004FB21CF2DBDC007E634E /* Assets.xcassets */; };
		5A004FB61CF2DBDC007E634E /* LaunchScreen.storyboard in Resources */ = {isa = PBXBuildFile; fileRef = 5A004FB41CF2DBDC007E634E /* LaunchScreen.storyboard */; };
		5A004FCF1CF2E199007E634E /* CGLoginViewController.m in Sources */ = {isa = PBXBuildFile; fileRef = 5A004FCE1CF2E199007E634E /* CGLoginViewController.m */; };
		5A004FD11CF2EFBC007E634E /* 04ddce194a85b9824b9a6a0f0e58c02a0280deb95cbe7-dovPAU_fw658.jpg in Resources */ = {isa = PBXBuildFile; fileRef = 5A004FD01CF2EFBC007E634E /* 04ddce194a85b9824b9a6a0f0e58c02a0280deb95cbe7-dovPAU_fw658.jpg */; };
/* End PBXBuildFile section */

/* Begin PBXFileReference section */
		5A004FA31CF2DBDC007E634E /* SportTheCrowd.app */ = {isa = PBXFileReference; explicitFileType = wrapper.application; includeInIndex = 0; path = SportTheCrowd.app; sourceTree = BUILT_PRODUCTS_DIR; };
		5A004FA71CF2DBDC007E634E /* main.m */ = {isa = PBXFileReference; lastKnownFileType = sourcecode.c.objc; path = main.m; sourceTree = "<group>"; };
		5A004FA91CF2DBDC007E634E /* AppDelegate.h */ = {isa = PBXFileReference; lastKnownFileType = sourcecode.c.h; path = AppDelegate.h; sourceTree = "<group>"; };
		5A004FAA1CF2DBDC007E634E /* AppDelegate.m */ = {isa = PBXFileReference; lastKnownFileType = sourcecode.c.objc; path = AppDelegate.m; sourceTree = "<group>"; };
		5A004FB01CF2DBDC007E634E /* Base */ = {isa = PBXFileReference; lastKnownFileType = file.storyboard; name = Base; path = Base.lproj/Login.storyboard; sourceTree = "<group>"; };
		5A004FB21CF2DBDC007E634E /* Assets.xcassets */ = {isa = PBXFileReference; lastKnownFileType = folder.assetcatalog; path = Assets.xcassets; sourceTree = "<group>"; };
		5A004FB51CF2DBDC007E634E /* Base */ = {isa = PBXFileReference; lastKnownFileType = file.storyboard; name = Base; path = Base.lproj/LaunchScreen.storyboard; sourceTree = "<group>"; };
		5A004FB71CF2DBDC007E634E /* Info.plist */ = {isa = PBXFileReference; lastKnownFileType = text.plist.xml; path = Info.plist; sourceTree = "<group>"; };
		5A004FCD1CF2E199007E634E /* CGLoginViewController.h */ = {isa = PBXFileReference; fileEncoding = 4; lastKnownFileType = sourcecode.c.h; path = CGLoginViewController.h; sourceTree = "<group>"; };
		5A004FCE1CF2E199007E634E /* CGLoginViewController.m */ = {isa = PBXFileReference; fileEncoding = 4; lastKnownFileType = sourcecode.c.objc; path = CGLoginViewController.m; sourceTree = "<group>"; };
		5A004FD01CF2EFBC007E634E /* 04ddce194a85b9824b9a6a0f0e58c02a0280deb95cbe7-dovPAU_fw658.jpg */ = {isa = PBXFileReference; lastKnownFileType = image.jpeg; path = "04ddce194a85b9824b9a6a0f0e58c02a0280deb95cbe7-dovPAU_fw658.jpg"; sourceTree = "<group>"; };
/* End PBXFileReference section */

/* Begin PBXFrameworksBuildPhase section */
		5A004FA01CF2DBDC007E634E /* Frameworks */ = {
			isa = PBXFrameworksBuildPhase;
			buildActionMask = 2147483647;
			files = (
			);
			runOnlyForDeploymentPostprocessing = 0;
		};
/* End PBXFrameworksBuildPhase section */

/* Begin PBXGroup section */
		5A004F9A1CF2DBDC007E634E = {
			isa = PBXGroup;
			children = (
				5A004FA51CF2DBDC007E634E /* SportTheCrowd */,
				5A004FA41CF2DBDC007E634E /* Products */,
			);
			sourceTree = "<group>";
		};
		5A004FA41CF2DBDC007E634E /* Products */ = {
			isa = PBXGroup;
			children = (
				5A004FA31CF2DBDC007E634E /* SportTheCrowd.app */,
			);
			name = Products;
			sourceTree = "<group>";
		};
		5A004FA51CF2DBDC007E634E /* SportTheCrowd */ = {
			isa = PBXGroup;
			children = (
				5A004FD21CF2FFB8007E634E /* SDK */,
				5A004FC61CF2E04E007E634E /* CGFinder */,
				5A004FC91CF2E04E007E634E /* Model */,
				5A004FCA1CF2E04E007E634E /* XGFinder */,
				5A004FA61CF2DBDC007E634E /* Supporting Files */,
			);
			path = SportTheCrowd;
			sourceTree = "<group>";
		};
		5A004FA61CF2DBDC007E634E /* Supporting Files */ = {
			isa = PBXGroup;
			children = (
				5A004FAF1CF2DBDC007E634E /* Login.storyboard */,
				5A004FA91CF2DBDC007E634E /* AppDelegate.h */,
				5A004FAA1CF2DBDC007E634E /* AppDelegate.m */,
				5A004FB21CF2DBDC007E634E /* Assets.xcassets */,
				5A004FD01CF2EFBC007E634E /* 04ddce194a85b9824b9a6a0f0e58c02a0280deb95cbe7-dovPAU_fw658.jpg */,
				5A004FB41CF2DBDC007E634E /* LaunchScreen.storyboard */,
				5A004FB71CF2DBDC007E634E /* Info.plist */,
				5A004FA71CF2DBDC007E634E /* main.m */,
			);
			name = "Supporting Files";
			sourceTree = "<group>";
		};
		5A004FC61CF2E04E007E634E /* CGFinder */ = {
			isa = PBXGroup;
			children = (
				5A004FC71CF2E04E007E634E /* Controller */,
				5A004FC81CF2E04E007E634E /* View */,
			);
			path = CGFinder;
			sourceTree = "<group>";
		};
		5A004FC71CF2E04E007E634E /* Controller */ = {
			isa = PBXGroup;
			children = (
				5A004FCD1CF2E199007E634E /* CGLoginViewController.h */,
				5A004FCE1CF2E199007E634E /* CGLoginViewController.m */,
			);
			path = Controller;
			sourceTree = "<group>";
		};
		5A004FC81CF2E04E007E634E /* View */ = {
			isa = PBXGroup;
			children = (
			);
			path = View;
			sourceTree = "<group>";
		};
		5A004FC91CF2E04E007E634E /* Model */ = {
			isa = PBXGroup;
			children = (
			);
			path = Model;
			sourceTree = "<group>";
		};
		5A004FCA1CF2E04E007E634E /* XGFinder */ = {
			isa = PBXGroup;
			children = (
				5A004FCB1CF2E04E007E634E /* Controller */,
				5A004FCC1CF2E04E007E634E /* View */,
			);
			path = XGFinder;
			sourceTree = "<group>";
		};
		5A004FCB1CF2E04E007E634E /* Controller */ = {
			isa = PBXGroup;
			children = (
			);
			path = Controller;
			sourceTree = "<group>";
		};
		5A004FCC1CF2E04E007E634E /* View */ = {
			isa = PBXGroup;
			children = (
			);
			path = View;
			sourceTree = "<group>";
		};
		5A004FD21CF2FFB8007E634E /* SDK */ = {
			isa = PBXGroup;
			children = (
			);
			path = SDK;
			sourceTree = "<group>";
		};
/* End PBXGroup section */

/* Begin PBXNativeTarget section */
		5A004FA21CF2DBDC007E634E /* SportTheCrowd */ = {
			isa = PBXNativeTarget;
			buildConfigurationList = 5A004FBA1CF2DBDC007E634E /* Build configuration list for PBXNativeTarget "SportTheCrowd" */;
			buildPhases = (
				5A004F9F1CF2DBDC007E634E /* Sources */,
				5A004FA01CF2DBDC007E634E /* Frameworks */,
				5A004FA11CF2DBDC007E634E /* Resources */,
			);
			buildRules = (
			);
			dependencies = (
			);
			name = SportTheCrowd;
			productName = SportTheCrowd;
			productReference = 5A004FA31CF2DBDC007E634E /* SportTheCrowd.app */;
			productType = "com.apple.product-type.application";
		};
/* End PBXNativeTarget section */

/* Begin PBXProject section */
		5A004F9B1CF2DBDC007E634E /* Project object */ = {
			isa = PBXProject;
			attributes = {
				LastUpgradeCheck = 0730;
				ORGANIZATIONNAME = huangjingchuan;
				TargetAttributes = {
					5A004FA21CF2DBDC007E634E = {
						CreatedOnToolsVersion = 7.3;
					};
				};
			};
			buildConfigurationList = 5A004F9E1CF2DBDC007E634E /* Build configuration list for PBXProject "SportTheCrowd" */;
			compatibilityVersion = "Xcode 3.2";
			developmentRegion = English;
			hasScannedForEncodings = 0;
			knownRegions = (
				en,
				Base,
			);
			mainGroup = 5A004F9A1CF2DBDC007E634E;
			productRefGroup = 5A004FA41CF2DBDC007E634E /* Products */;
			projectDirPath = "";
			projectRoot = "";
			targets = (
				5A004FA21CF2DBDC007E634E /* SportTheCrowd */,
			);
		};
/* End PBXProject section */

/* Begin PBXResourcesBuildPhase section */
		5A004FA11CF2DBDC007E634E /* Resources */ = {
			isa = PBXResourcesBuildPhase;
			buildActionMask = 2147483647;
			files = (
				5A004FB61CF2DBDC007E634E /* LaunchScreen.storyboard in Resources */,
				5A004FB31CF2DBDC007E634E /* Assets.xcassets in Resources */,
				5A004FD11CF2EFBC007E634E /* 04ddce194a85b9824b9a6a0f0e58c02a0280deb95cbe7-dovPAU_fw658.jpg in Resources */,
				5A004FB11CF2DBDC007E634E /* Login.storyboard in Resources */,
			);
			runOnlyForDeploymentPostprocessing = 0;
		};
/* End PBXResourcesBuildPhase section */

/* Begin PBXSourcesBuildPhase section */
		5A004F9F1CF2DBDC007E634E /* Sources */ = {
			isa = PBXSourcesBuildPhase;
			buildActionMask = 2147483647;
			files = (
				5A004FCF1CF2E199007E634E /* CGLoginViewController.m in Sources */,
				5A004FAB1CF2DBDC007E634E /* AppDelegate.m in Sources */,
				5A004FA81CF2DBDC007E634E /* main.m in Sources */,
			);
			runOnlyForDeploymentPostprocessing = 0;
		};
/* End PBXSourcesBuildPhase section */

/* Begin PBXVariantGroup section */
		5A004FAF1CF2DBDC007E634E /* Login.storyboard */ = {
			isa = PBXVariantGroup;
			children = (
				5A004FB01CF2DBDC007E634E /* Base */,
			);
			name = Login.storyboard;
			sourceTree = "<group>";
		};
		5A004FB41CF2DBDC007E634E /* LaunchScreen.storyboard */ = {
			isa = PBXVariantGroup;
			children = (
				5A004FB51CF2DBDC007E634E /* Base */,
			);
			name = LaunchScreen.storyboard;
			sourceTree = "<group>";
		};
/* End PBXVariantGroup section */

/* Begin XCBuildConfiguration section */
		5A004FB81CF2DBDC007E634E /* Debug */ = {
			isa = XCBuildConfiguration;
			buildSettings = {
				ALWAYS_SEARCH_USER_PATHS = NO;
				CLANG_ANALYZER_NONNULL = YES;
				CLANG_CXX_LANGUAGE_STANDARD = "gnu++0x";
				CLANG_CXX_LIBRARY = "libc++";
				CLANG_ENABLE_MODULES = YES;
				CLANG_ENABLE_OBJC_ARC = YES;
				CLANG_WARN_BOOL_CONVERSION = YES;
				CLANG_WARN_CONSTANT_CONVERSION = YES;
				CLANG_WARN_DIRECT_OBJC_ISA_USAGE = YES_ERROR;
				CLANG_WARN_EMPTY_BODY = YES;
				CLANG_WARN_ENUM_CONVERSION = YES;
				CLANG_WARN_INT_CONVERSION = YES;
				CLANG_WARN_OBJC_ROOT_CLASS = YES_ERROR;
				CLANG_WARN_UNREACHABLE_CODE = YES;
				CLANG_WARN__DUPLICATE_METHOD_MATCH = YES;
				"CODE_SIGN_IDENTITY[sdk=iphoneos*]" = "iPhone Developer";
				COPY_PHASE_STRIP = NO;
				DEBUG_INFORMATION_FORMAT = dwarf;
				ENABLE_STRICT_OBJC_MSGSEND = YES;
				ENABLE_TESTABILITY = YES;
				GCC_C_LANGUAGE_STANDARD = gnu99;
				GCC_DYNAMIC_NO_PIC = NO;
				GCC_NO_COMMON_BLOCKS = YES;
				GCC_OPTIMIZATION_LEVEL = 0;
				GCC_PREPROCESSOR_DEFINITIONS = (
					"DEBUG=1",
					"$(inherited)",
				);
				GCC_WARN_64_TO_32_BIT_CONVERSION = YES;
				GCC_WARN_ABOUT_RETURN_TYPE = YES_ERROR;
				GCC_WARN_UNDECLARED_SELECTOR = YES;
				GCC_WARN_UNINITIALIZED_AUTOS = YES_AGGRESSIVE;
				GCC_WARN_UNUSED_FUNCTION = YES;
				GCC_WARN_UNUSED_VARIABLE = YES;
				IPHONEOS_DEPLOYMENT_TARGET = 9.3;
				MTL_ENABLE_DEBUG_INFO = YES;
				ONLY_ACTIVE_ARCH = YES;
				SDKROOT = iphoneos;
			};
			name = Debug;
		};
		5A004FB91CF2DBDC007E634E /* Release */ = {
			isa = XCBuildConfiguration;
			buildSettings = {
				ALWAYS_SEARCH_USER_PATHS = NO;
				CLANG_ANALYZER_NONNULL = YES;
				CLANG_CXX_LANGUAGE_STANDARD = "gnu++0x";
				CLANG_CXX_LIBRARY = "libc++";
				CLANG_ENABLE_MODULES = YES;
				CLANG_ENABLE_OBJC_ARC = YES;
				CLANG_WARN_BOOL_CONVERSION = YES;
				CLANG_WARN_CONSTANT_CONVERSION = YES;
				CLANG_WARN_DIRECT_OBJC_ISA_USAGE = YES_ERROR;
				CLANG_WARN_EMPTY_BODY = YES;
				CLANG_WARN_ENUM_CONVERSION = YES;
				CLANG_WARN_INT_CONVERSION = YES;
				CLANG_WARN_OBJC_ROOT_CLASS = YES_ERROR;
				CLANG_WARN_UNREACHABLE_CODE = YES;
				CLANG_WARN__DUPLICATE_METHOD_MATCH = YES;
				"CODE_SIGN_IDENTITY[sdk=iphoneos*]" = "iPhone Developer";
				COPY_PHASE_STRIP = NO;
				DEBUG_INFORMATION_FORMAT = "dwarf-with-dsym";
				ENABLE_NS_ASSERTIONS = NO;
				ENABLE_STRICT_OBJC_MSGSEND = YES;
				GCC_C_LANGUAGE_STANDARD = gnu99;
				GCC_NO_COMMON_BLOCKS = YES;
				GCC_WARN_64_TO_32_BIT_CONVERSION = YES;
				GCC_WARN_ABOUT_RETURN_TYPE = YES_ERROR;
				GCC_WARN_UNDECLARED_SELECTOR = YES;
				GCC_WARN_UNINITIALIZED_AUTOS = YES_AGGRESSIVE;
				GCC_WARN_UNUSED_FUNCTION = YES;
				GCC_WARN_UNUSED_VARIABLE = YES;
				IPHONEOS_DEPLOYMENT_TARGET = 9.3;
				MTL_ENABLE_DEBUG_INFO = NO;
				SDKROOT = iphoneos;
				VALIDATE_PRODUCT = YES;
			};
			name = Release;
		};
		5A004FBB1CF2DBDC007E634E /* Debug */ = {
			isa = XCBuildConfiguration;
			buildSettings = {
				ASSETCATALOG_COMPILER_APPICON_NAME = AppIcon;
				INFOPLIST_FILE = SportTheCrowd/Info.plist;
				IPHONEOS_DEPLOYMENT_TARGET = 8.0;
				LD_RUNPATH_SEARCH_PATHS = "$(inherited) @executable_path/Frameworks";
				PRODUCT_BUNDLE_IDENTIFIER = com.huang.SportTheCrowd;
				PRODUCT_NAME = "$(TARGET_NAME)";
			};
			name = Debug;
		};
		5A004FBC1CF2DBDC007E634E /* Release */ = {
			isa = XCBuildConfiguration;
			buildSettings = {
				ASSETCATALOG_COMPILER_APPICON_NAME = AppIcon;
				INFOPLIST_FILE = SportTheCrowd/Info.plist;
				IPHONEOS_DEPLOYMENT_TARGET = 8.0;
				LD_RUNPATH_SEARCH_PATHS = "$(inherited) @executable_path/Frameworks";
				PRODUCT_BUNDLE_IDENTIFIER = com.huang.SportTheCrowd;
				PRODUCT_NAME = "$(TARGET_NAME)";
			};
			name = Release;
		};
/* End XCBuildConfiguration section */

/* Begin XCConfigurationList section */
		5A004F9E1CF2DBDC007E634E /* Build configuration list for PBXProject "SportTheCrowd" */ = {
			isa = XCConfigurationList;
			buildConfigurations = (
				5A004FB81CF2DBDC007E634E /* Debug */,
				5A004FB91CF2DBDC007E634E /* Release */,
			);
			defaultConfigurationIsVisible = 0;
			defaultConfigurationName = Release;
		};
		5A004FBA1CF2DBDC007E634E /* Build configuration list for PBXNativeTarget "SportTheCrowd" */ = {
			isa = XCConfigurationList;
			buildConfigurations = (
				5A004FBB1CF2DBDC007E634E /* Debug */,
				5A004FBC1CF2DBDC007E634E /* Release */,
			);
			defaultConfigurationIsVisible = 0;
		};
/* End XCConfigurationList section */
	};
	rootObject = 5A004F9B1CF2DBDC007E634E /* Project object */;
}
